
Microsoft Visual Studio Solution File, Format Version 12.00
# Visual Studio 15
VisualStudioVersion = 15.0.28307.902
MinimumVisualStudioVersion = 10.0.40219.1
Project("{FAE04EC0-301F-11D3-BF4B-00C04F79EFBC}") = "DifferentialEquationsSolution", "DifferentialEquationsSolution\DifferentialEquationsSolution.csproj", "{472E18AC-42B1-4C98-9142-4CEC8FC6AF76}"
EndProject
Global
	GlobalSection(SolutionConfigurationPlatforms) = preSolution
		Debug|Any CPU = Debug|Any CPU
		Release|Any CPU = Release|Any CPU
	EndGlobalSection
	GlobalSection(ProjectConfigurationPlatforms) = postSolution
		{472E18AC-42B1-4C98-9142-4CEC8FC6AF76}.Debug|Any CPU.ActiveCfg = Debug|Any CPU
		{472E18AC-42B1-4C98-9142-4CEC8FC6AF76}.Debug|Any CPU.Build.0 = Debug|Any CPU
		{472E18AC-42B1-4C98-9142-4CEC8FC6AF76}.Release|Any CPU.ActiveCfg = Release|Any CPU
		{472E18AC-42B1-4C98-9142-4CEC8FC6AF76}.Release|Any CPU.Build.0 = Release|Any CPU
	EndGlobalSection
	GlobalSection(SolutionProperties) = preSolution
		HideSolutionNode = FALSE
	EndGlobalSection
	GlobalSection(ExtensibilityGlobals) = postSolution
		SolutionGuid = {B9617BAB-9341-4B93-BC96-7686F8C3F52E}
	EndGlobalSection
EndGlobal
